{
  "originHash" : "84df9aa6ecd399d508c396fac25a34900ac329702697849f1f833cbdd041bee1",
  "pins" : [
    {
      "identity" : "factory",
      "kind" : "remoteSourceControl",
      "location" : "https://github.com/hmlongco/Factory.git",
      "state" : {
        "revision" : "8c1c080cdf74188dd6aaa36d8d13206bb465f8f1",
        "version" : "3.0.4"
      }
    }
  ],
  "version" : 3
}
